// !$*UTF8*$!
{
	archiveVersion = 1;
	classes = {
	};
	objectVersion = 50;
	objects = {

/* Begin PBXBuildFile section */
		EF2ABF87224A92DE00DE297B /* main.cpp in Sources */ = {isa = PBXBuildFile; fileRef = EF2ABF86224A92DE00DE297B /* main.cpp */; };
		EF2ABF9F224AD3FA00DE297B /* Card.cpp in Sources */ = {isa = PBXBuildFile; fileRef = EF2ABF9D224AD3FA00DE297B /* Card.cpp */; };
		EF2ABFA2224AD46700DE297B /* Deck.cpp in Sources */ = {isa = PBXBuildFile; fileRef = EF2ABFA0224AD46700DE297B /* Deck.cpp */; };
		EF2ABFA5224AD4E900DE297B /* Hand.cpp in Sources */ = {isa = PBXBuildFile; fileRef = EF2ABFA3224AD4E900DE297B /* Hand.cpp */; };
		EF2ABFA8224AD56400DE297B /* Player.cpp in Sources */ = {isa = PBXBuildFile; fileRef = EF2ABFA6224AD56400DE297B /* Player.cpp */; };
		EF2ABFAB224AD60900DE297B /* Dealer.cpp in Sources */ = {isa = PBXBuildFile; fileRef = EF2ABFA9224AD60900DE297B /* Dealer.cpp */; };
/* End PBXBuildFile section */

/* Begin PBXCopyFilesBuildPhase section */
		EF2ABF81224A92DE00DE297B /* CopyFiles */ = {
			isa = PBXCopyFilesBuildPhase;
			buildActionMask = 2147483647;
			dstPath = /usr/share/man/man1/;
			dstSubfolderSpec = 0;
			files = (
			);
			runOnlyForDeploymentPostprocessing = 1;
		};
/* End PBXCopyFilesBuildPhase section */

/* Begin PBXFileReference section */
		EF2ABF83224A92DE00DE297B /* Pontoon_CW */ = {isa = PBXFileReference; explicitFileType = "compiled.mach-o.executable"; includeInIndex = 0; path = Pontoon_CW; sourceTree = BUILT_PRODUCTS_DIR; };
		EF2ABF86224A92DE00DE297B /* main.cpp */ = {isa = PBXFileReference; lastKnownFileType = sourcecode.cpp.cpp; path = main.cpp; sourceTree = "<group>"; };
		EF2ABF9D224AD3FA00DE297B /* Card.cpp */ = {isa = PBXFileReference; lastKnownFileType = sourcecode.cpp.cpp; path = Card.cpp; sourceTree = "<group>"; };
		EF2ABF9E224AD3FA00DE297B /* Card.hpp */ = {isa = PBXFileReference; lastKnownFileType = sourcecode.cpp.h; path = Card.hpp; sourceTree = "<group>"; };
		EF2ABFA0224AD46700DE297B /* Deck.cpp */ = {isa = PBXFileReference; lastKnownFileType = sourcecode.cpp.cpp; path = Deck.cpp; sourceTree = "<group>"; };
		EF2ABFA1224AD46700DE297B /* Deck.hpp */ = {isa = PBXFileReference; lastKnownFileType = sourcecode.cpp.h; path = Deck.hpp; sourceTree = "<group>"; };
		EF2ABFA3224AD4E900DE297B /* Hand.cpp */ = {isa = PBXFileReference; lastKnownFileType = sourcecode.cpp.cpp; path = Hand.cpp; sourceTree = "<group>"; };
		EF2ABFA4224AD4E900DE297B /* Hand.hpp */ = {isa = PBXFileReference; lastKnownFileType = sourcecode.cpp.h; path = Hand.hpp; sourceTree = "<group>"; };
		EF2ABFA6224AD56400DE297B /* Player.cpp */ = {isa = PBXFileReference; lastKnownFileType = sourcecode.cpp.cpp; path = Player.cpp; sourceTree = "<group>"; };
		EF2ABFA7224AD56400DE297B /* Player.hpp */ = {isa = PBXFileReference; lastKnownFileType = sourcecode.cpp.h; path = Player.hpp; sourceTree = "<group>"; };
		EF2ABFA9224AD60900DE297B /* Dealer.cpp */ = {isa = PBXFileReference; lastKnownFileType = sourcecode.cpp.cpp; path = Dealer.cpp; sourceTree = "<group>"; };
		EF2ABFAA224AD60900DE297B /* Dealer.hpp */ = {isa = PBXFileReference; lastKnownFileType = sourcecode.cpp.h; path = Dealer.hpp; sourceTree = "<group>"; };
/* End PBXFileReference section */

/* Begin PBXFrameworksBuildPhase section */
		EF2ABF80224A92DE00DE297B /* Frameworks */ = {
			isa = PBXFrameworksBuildPhase;
			buildActionMask = 2147483647;
			files = (
			);
			runOnlyForDeploymentPostprocessing = 0;
		};
/* End PBXFrameworksBuildPhase section */

/* Begin PBXGroup section */
		EF2ABF7A224A92DE00DE297B = {
			isa = PBXGroup;
			children = (
				EF2ABF85224A92DE00DE297B /* Pontoon_CW */,
				EF2ABF84224A92DE00DE297B /* Products */,
			);
			sourceTree = "<group>";
		};
		EF2ABF84224A92DE00DE297B /* Products */ = {
			isa = PBXGroup;
			children = (
				EF2ABF83224A92DE00DE297B /* Pontoon_CW */,
			);
			name = Products;
			sourceTree = "<group>";
		};
		EF2ABF85224A92DE00DE297B /* Pontoon_CW */ = {
			isa = PBXGroup;
			children = (
				EF2ABF86224A92DE00DE297B /* main.cpp */,
				EF2ABFA0224AD46700DE297B /* Deck.cpp */,
				EF2ABFA1224AD46700DE297B /* Deck.hpp */,
				EF2ABFA6224AD56400DE297B /* Player.cpp */,
				EF2ABFA9224AD60900DE297B /* Dealer.cpp */,
				EF2ABFAA224AD60900DE297B /* Dealer.hpp */,
				EF2ABFA7224AD56400DE297B /* Player.hpp */,
				EF2ABFA3224AD4E900DE297B /* Hand.cpp */,
				EF2ABFA4224AD4E900DE297B /* Hand.hpp */,
				EF2ABF9D224AD3FA00DE297B /* Card.cpp */,
				EF2ABF9E224AD3FA00DE297B /* Card.hpp */,
			);
			path = Pontoon_CW;
			sourceTree = "<group>";
		};
/* End PBXGroup section */

/* Begin PBXNativeTarget section */
		EF2ABF82224A92DE00DE297B /* Pontoon_CW */ = {
			isa = PBXNativeTarget;
			buildConfigurationList = EF2ABF8A224A92DE00DE297B /* Build configuration list for PBXNativeTarget "Pontoon_CW" */;
			buildPhases = (
				EF2ABF7F224A92DE00DE297B /* Sources */,
				EF2ABF80224A92DE00DE297B /* Frameworks */,
				EF2ABF81224A92DE00DE297B /* CopyFiles */,
			);
			buildRules = (
			);
			dependencies = (
			);
			name = Pontoon_CW;
			productName = Pontoon_CW;
			productReference = EF2ABF83224A92DE00DE297B /* Pontoon_CW */;
			productType = "com.apple.product-type.tool";
		};
/* End PBXNativeTarget section */

/* Begin PBXProject section */
		EF2ABF7B224A92DE00DE297B /* Project object */ = {
			isa = PBXProject;
			attributes = {
				LastUpgradeCheck = 1020;
				ORGANIZATIONNAME = "Pranav Thombare";
				TargetAttributes = {
					EF2ABF82224A92DE00DE297B = {
						CreatedOnToolsVersion = 10.2;
					};
				};
			};
			buildConfigurationList = EF2ABF7E224A92DE00DE297B /* Build configuration list for PBXProject "Pontoon_CW" */;
			compatibilityVersion = "Xcode 9.3";
			developmentRegion = en;
			hasScannedForEncodings = 0;
			knownRegions = (
				en,
			);
			mainGroup = EF2ABF7A224A92DE00DE297B;
			productRefGroup = EF2ABF84224A92DE00DE297B /* Products */;
			projectDirPath = "";
			projectRoot = "";
			targets = (
				EF2ABF82224A92DE00DE297B /* Pontoon_CW */,
			);
		};
/* End PBXProject section */

/* Begin PBXSourcesBuildPhase section */
		EF2ABF7F224A92DE00DE297B /* Sources */ = {
			isa = PBXSourcesBuildPhase;
			buildActionMask = 2147483647;
			files = (
				EF2ABFAB224AD60900DE297B /* Dealer.cpp in Sources */,
				EF2ABFA5224AD4E900DE297B /* Hand.cpp in Sources */,
				EF2ABFA2224AD46700DE297B /* Deck.cpp in Sources */,
				EF2ABF87224A92DE00DE297B /* main.cpp in Sources */,
				EF2ABF9F224AD3FA00DE297B /* Card.cpp in Sources */,
				EF2ABFA8224AD56400DE297B /* Player.cpp in Sources */,
			);
			runOnlyForDeploymentPostprocessing = 0;
		};
/* End PBXSourcesBuildPhase section */

/* Begin XCBuildConfiguration section */
		EF2ABF88224A92DE00DE297B /* Debug */ = {
			isa = XCBuildConfiguration;
			buildSettings = {
				ALWAYS_SEARCH_USER_PATHS = NO;
				CLANG_ANALYZER_NONNULL = YES;
				CLANG_ANALYZER_NUMBER_OBJECT_CONVERSION = YES_AGGRESSIVE;
				CLANG_CXX_LANGUAGE_STANDARD = "gnu++14";
				CLANG_CXX_LIBRARY = "libc++";
				CLANG_ENABLE_MODULES = YES;
				CLANG_ENABLE_OBJC_ARC = YES;
				CLANG_ENABLE_OBJC_WEAK = YES;
				CLANG_WARN_BLOCK_CAPTURE_AUTORELEASING = YES;
				CLANG_WARN_BOOL_CONVERSION = YES;
				CLANG_WARN_COMMA = YES;
				CLANG_WARN_CONSTANT_CONVERSION = YES;
				CLANG_WARN_DEPRECATED_OBJC_IMPLEMENTATIONS = YES;
				CLANG_WARN_DIRECT_OBJC_ISA_USAGE = YES_ERROR;
				CLANG_WARN_DOCUMENTATION_COMMENTS = YES;
				CLANG_WARN_EMPTY_BODY = YES;
				CLANG_WARN_ENUM_CONVERSION = YES;
				CLANG_WARN_INFINITE_RECURSION = YES;
				CLANG_WARN_INT_CONVERSION = YES;
				CLANG_WARN_NON_LITERAL_NULL_CONVERSION = YES;
				CLANG_WARN_OBJC_IMPLICIT_RETAIN_SELF = YES;
				CLANG_WARN_OBJC_LITERAL_CONVERSION = YES;
				CLANG_WARN_OBJC_ROOT_CLASS = YES_ERROR;
				CLANG_WARN_RANGE_LOOP_ANALYSIS = YES;
				CLANG_WARN_STRICT_PROTOTYPES = YES;
				CLANG_WARN_SUSPICIOUS_MOVE = YES;
				CLANG_WARN_UNGUARDED_AVAILABILITY = YES_AGGRESSIVE;
				CLANG_WARN_UNREACHABLE_CODE = YES;
				CLANG_WARN__DUPLICATE_METHOD_MATCH = YES;
				CODE_SIGN_IDENTITY = "Mac Developer";
				COPY_PHASE_STRIP = NO;
				DEBUG_INFORMATION_FORMAT = dwarf;
				ENABLE_STRICT_OBJC_MSGSEND = YES;
				ENABLE_TESTABILITY = YES;
				GCC_C_LANGUAGE_STANDARD = gnu11;
				GCC_DYNAMIC_NO_PIC = NO;
				GCC_NO_COMMON_BLOCKS = YES;
				GCC_OPTIMIZATION_LEVEL = 0;
				GCC_PREPROCESSOR_DEFINITIONS = (
					"DEBUG=1",
					"$(inherited)",
				);
				GCC_WARN_64_TO_32_BIT_CONVERSION = YES;
				GCC_WARN_ABOUT_RETURN_TYPE = YES_ERROR;
				GCC_WARN_UNDECLARED_SELECTOR = YES;
				GCC_WARN_UNINITIALIZED_AUTOS = YES_AGGRESSIVE;
				GCC_WARN_UNUSED_FUNCTION = YES;
				GCC_WARN_UNUSED_VARIABLE = YES;
				MACOSX_DEPLOYMENT_TARGET = 10.14;
				MTL_ENABLE_DEBUG_INFO = INCLUDE_SOURCE;
				MTL_FAST_MATH = YES;
				ONLY_ACTIVE_ARCH = YES;
				SDKROOT = macosx;
			};
			name = Debug;
		};
		EF2ABF89224A92DE00DE297B /* Release */ = {
			isa = XCBuildConfiguration;
			buildSettings = {
				ALWAYS_SEARCH_USER_PATHS = NO;
				CLANG_ANALYZER_NONNULL = YES;
				CLANG_ANALYZER_NUMBER_OBJECT_CONVERSION = YES_AGGRESSIVE;
				CLANG_CXX_LANGUAGE_STANDARD = "gnu++14";
				CLANG_CXX_LIBRARY = "libc++";
				CLANG_ENABLE_MODULES = YES;
				CLANG_ENABLE_OBJC_ARC = YES;
				CLANG_ENABLE_OBJC_WEAK = YES;
				CLANG_WARN_BLOCK_CAPTURE_AUTORELEASING = YES;
				CLANG_WARN_BOOL_CONVERSION = YES;
				CLANG_WARN_COMMA = YES;
				CLANG_WARN_CONSTANT_CONVERSION = YES;
				CLANG_WARN_DEPRECATED_OBJC_IMPLEMENTATIONS = YES;
				CLANG_WARN_DIRECT_OBJC_ISA_USAGE = YES_ERROR;
				CLANG_WARN_DOCUMENTATION_COMMENTS = YES;
				CLANG_WARN_EMPTY_BODY = YES;
				CLANG_WARN_ENUM_CONVERSION = YES;
				CLANG_WARN_INFINITE_RECURSION = YES;
				CLANG_WARN_INT_CONVERSION = YES;
				CLANG_WARN_NON_LITERAL_NULL_CONVERSION = YES;
				CLANG_WARN_OBJC_IMPLICIT_RETAIN_SELF = YES;
				CLANG_WARN_OBJC_LITERAL_CONVERSION = YES;
				CLANG_WARN_OBJC_ROOT_CLASS = YES_ERROR;
				CLANG_WARN_RANGE_LOOP_ANALYSIS = YES;
				CLANG_WARN_STRICT_PROTOTYPES = YES;
				CLANG_WARN_SUSPICIOUS_MOVE = YES;
				CLANG_WARN_UNGUARDED_AVAILABILITY = YES_AGGRESSIVE;
				CLANG_WARN_UNREACHABLE_CODE = YES;
				CLANG_WARN__DUPLICATE_METHOD_MATCH = YES;
				CODE_SIGN_IDENTITY = "Mac Developer";
				COPY_PHASE_STRIP = NO;
				DEBUG_INFORMATION_FORMAT = "dwarf-with-dsym";
				ENABLE_NS_ASSERTIONS = NO;
				ENABLE_STRICT_OBJC_MSGSEND = YES;
				GCC_C_LANGUAGE_STANDARD = gnu11;
				GCC_NO_COMMON_BLOCKS = YES;
				GCC_WARN_64_TO_32_BIT_CONVERSION = YES;
				GCC_WARN_ABOUT_RETURN_TYPE = YES_ERROR;
				GCC_WARN_UNDECLARED_SELECTOR = YES;
				GCC_WARN_UNINITIALIZED_AUTOS = YES_AGGRESSIVE;
				GCC_WARN_UNUSED_FUNCTION = YES;
				GCC_WARN_UNUSED_VARIABLE = YES;
				MACOSX_DEPLOYMENT_TARGET = 10.14;
				MTL_ENABLE_DEBUG_INFO = NO;
				MTL_FAST_MATH = YES;
				SDKROOT = macosx;
			};
			name = Release;
		};
		EF2ABF8B224A92DE00DE297B /* Debug */ = {
			isa = XCBuildConfiguration;
			buildSettings = {
				CODE_SIGN_STYLE = Automatic;
				DEVELOPMENT_TEAM = 438F8L5M3A;
				PRODUCT_NAME = "$(TARGET_NAME)";
			};
			name = Debug;
		};
		EF2ABF8C224A92DE00DE297B /* Release */ = {
			isa = XCBuildConfiguration;
			buildSettings = {
				CODE_SIGN_STYLE = Automatic;
				DEVELOPMENT_TEAM = 438F8L5M3A;
				PRODUCT_NAME = "$(TARGET_NAME)";
			};
			name = Release;
		};
/* End XCBuildConfiguration section */

/* Begin XCConfigurationList section */
		EF2ABF7E224A92DE00DE297B /* Build configuration list for PBXProject "Pontoon_CW" */ = {
			isa = XCConfigurationList;
			buildConfigurations = (
				EF2ABF88224A92DE00DE297B /* Debug */,
				EF2ABF89224A92DE00DE297B /* Release */,
			);
			defaultConfigurationIsVisible = 0;
			defaultConfigurationName = Release;
		};
		EF2ABF8A224A92DE00DE297B /* Build configuration list for PBXNativeTarget "Pontoon_CW" */ = {
			isa = XCConfigurationList;
			buildConfigurations = (
				EF2ABF8B224A92DE00DE297B /* Debug */,
				EF2ABF8C224A92DE00DE297B /* Release */,
			);
			defaultConfigurationIsVisible = 0;
			defaultConfigurationName = Release;
		};
/* End XCConfigurationList section */
	};
	rootObject = EF2ABF7B224A92DE00DE297B /* Project object */;
}
